
Microsoft Visual Studio Solution File, Format Version 12.00
# Visual Studio 15
VisualStudioVersion = 15.0.26730.16
MinimumVisualStudioVersion = 10.0.40219.1
Project("{8BC9CEB8-8B4A-11D0-8D11-00A0C91BC942}") = "PNGDrawTest", "Direct3D Win32 Game1\Direct3D Win32 Game1.vcxproj", "{530227AA-FE09-43B1-AE88-457E6F38F841}"
EndProject
Project("{8BC9CEB8-8B4A-11D0-8D11-00A0C91BC942}") = "3DDrawTest", "3DDrawTest\3DDrawTest.vcxproj", "{562F2097-369C-4C37-9007-289254A1BC93}"
EndProject
Project("{8BC9CEB8-8B4A-11D0-8D11-00A0C91BC942}") = "3Dand2DDrawTest", "3DDrawTest1\3DDrawTest1.vcxproj", "{1C93E7B5-6CB3-4B29-8344-F07892129C58}"
EndProject
Project("{8BC9CEB8-8B4A-11D0-8D11-00A0C91BC942}") = "RenderTargetTest", "RenderTargetChangeTest\RenderTargetChangeTest.vcxproj", "{A78D4498-6833-4C9F-B66C-38D3DAABC6E4}"
EndProject
Project("{8BC9CEB8-8B4A-11D0-8D11-00A0C91BC942}") = "KeyboardTest", "KeyboardTest\KeyboardTest.vcxproj", "{CA5FD2F8-9509-4B9B-941E-17EA55562AA5}"
EndProject
Project("{8BC9CEB8-8B4A-11D0-8D11-00A0C91BC942}") = "MouseTest", "MouseTest\MouseTest.vcxproj", "{01C6F4C2-069A-4634-87EF-6EAAAD83453B}"
EndProject
<<<<<<< HEAD
Project("{8BC9CEB8-8B4A-11D0-8D11-00A0C91BC942}") = "ParticleTest", "ParticleTest\ParticleTest.vcxproj", "{FD85F82C-3F55-4D1A-9D5E-3BF2943D31C0}"
EndProject
Project("{8BC9CEB8-8B4A-11D0-8D11-00A0C91BC942}") = "3DDrawTest2", "3DDrawTest2\3DDrawTest2.vcxproj", "{AABF38D4-7150-4749-AC0B-91370AAD5C72}"
EndProject
Project("{8BC9CEB8-8B4A-11D0-8D11-00A0C91BC942}") = "CSOTest", "CSOTest\CSOTest.vcxproj", "{44937830-0CE8-415C-821A-EA5D9EB8B5BE}"
EndProject
Project("{8BC9CEB8-8B4A-11D0-8D11-00A0C91BC942}") = "ShaderUsingTextureTest", "ShaderUsingTextureTest\ShaderUsingTextureTest.vcxproj", "{1B9CBD92-BE0F-48FB-B557-71C1C509932A}"
EndProject
Project("{8BC9CEB8-8B4A-11D0-8D11-00A0C91BC942}") = "ModelTest", "ModelTest\ModelTest.vcxproj", "{BA873B38-CE31-4A99-8B3A-0E7B43BF9B0F}"
EndProject
Project("{8BC9CEB8-8B4A-11D0-8D11-00A0C91BC942}") = "GeometricPrimitiveTest", "GeometricPrimitiveTest\GeometricPrimitiveTest.vcxproj", "{1841EC2A-FC08-4EA0-BB08-FEA18B2170C1}"
EndProject
Project("{8BC9CEB8-8B4A-11D0-8D11-00A0C91BC942}") = "ZSortTest", "ZSortTest\ZSortTest.vcxproj", "{4D20BFB7-811D-4397-8C6F-50E4C4D42D24}"
EndProject
Project("{8BC9CEB8-8B4A-11D0-8D11-00A0C91BC942}") = "DebugFontTest", "DebugFontTest\DebugFontTest.vcxproj", "{A5ACE47A-0149-4FE4-8F9E-31D93EDDFAFC}"
=======
Project("{8BC9CEB8-8B4A-11D0-8D11-00A0C91BC942}") = "FontTest2", "FontTest2\FontTest2.vcxproj", "{5043E5B5-31F7-4674-8E91-987A72B1B678}"
EndProject
Project("{8BC9CEB8-8B4A-11D0-8D11-00A0C91BC942}") = "Input_FontTest", "Input_FontTest\Input_FontTest.vcxproj", "{ACD55F53-52F8-41B4-9DF3-90085202ACF8}"
>>>>>>> origin/input
EndProject
Global
	GlobalSection(SolutionConfigurationPlatforms) = preSolution
		Debug|x64 = Debug|x64
		Debug|x86 = Debug|x86
		Release|x64 = Release|x64
		Release|x86 = Release|x86
	EndGlobalSection
	GlobalSection(ProjectConfigurationPlatforms) = postSolution
		{530227AA-FE09-43B1-AE88-457E6F38F841}.Debug|x64.ActiveCfg = Debug|x64
		{530227AA-FE09-43B1-AE88-457E6F38F841}.Debug|x64.Build.0 = Debug|x64
		{530227AA-FE09-43B1-AE88-457E6F38F841}.Debug|x86.ActiveCfg = Debug|Win32
		{530227AA-FE09-43B1-AE88-457E6F38F841}.Debug|x86.Build.0 = Debug|Win32
		{530227AA-FE09-43B1-AE88-457E6F38F841}.Release|x64.ActiveCfg = Release|x64
		{530227AA-FE09-43B1-AE88-457E6F38F841}.Release|x64.Build.0 = Release|x64
		{530227AA-FE09-43B1-AE88-457E6F38F841}.Release|x86.ActiveCfg = Release|Win32
		{530227AA-FE09-43B1-AE88-457E6F38F841}.Release|x86.Build.0 = Release|Win32
		{562F2097-369C-4C37-9007-289254A1BC93}.Debug|x64.ActiveCfg = Debug|x64
		{562F2097-369C-4C37-9007-289254A1BC93}.Debug|x64.Build.0 = Debug|x64
		{562F2097-369C-4C37-9007-289254A1BC93}.Debug|x86.ActiveCfg = Debug|Win32
		{562F2097-369C-4C37-9007-289254A1BC93}.Debug|x86.Build.0 = Debug|Win32
		{562F2097-369C-4C37-9007-289254A1BC93}.Release|x64.ActiveCfg = Release|x64
		{562F2097-369C-4C37-9007-289254A1BC93}.Release|x64.Build.0 = Release|x64
		{562F2097-369C-4C37-9007-289254A1BC93}.Release|x86.ActiveCfg = Release|Win32
		{562F2097-369C-4C37-9007-289254A1BC93}.Release|x86.Build.0 = Release|Win32
		{1C93E7B5-6CB3-4B29-8344-F07892129C58}.Debug|x64.ActiveCfg = Debug|x64
		{1C93E7B5-6CB3-4B29-8344-F07892129C58}.Debug|x64.Build.0 = Debug|x64
		{1C93E7B5-6CB3-4B29-8344-F07892129C58}.Debug|x86.ActiveCfg = Debug|Win32
		{1C93E7B5-6CB3-4B29-8344-F07892129C58}.Debug|x86.Build.0 = Debug|Win32
		{1C93E7B5-6CB3-4B29-8344-F07892129C58}.Release|x64.ActiveCfg = Release|x64
		{1C93E7B5-6CB3-4B29-8344-F07892129C58}.Release|x64.Build.0 = Release|x64
		{1C93E7B5-6CB3-4B29-8344-F07892129C58}.Release|x86.ActiveCfg = Release|Win32
		{1C93E7B5-6CB3-4B29-8344-F07892129C58}.Release|x86.Build.0 = Release|Win32
		{A78D4498-6833-4C9F-B66C-38D3DAABC6E4}.Debug|x64.ActiveCfg = Debug|x64
		{A78D4498-6833-4C9F-B66C-38D3DAABC6E4}.Debug|x64.Build.0 = Debug|x64
		{A78D4498-6833-4C9F-B66C-38D3DAABC6E4}.Debug|x86.ActiveCfg = Debug|Win32
		{A78D4498-6833-4C9F-B66C-38D3DAABC6E4}.Debug|x86.Build.0 = Debug|Win32
		{A78D4498-6833-4C9F-B66C-38D3DAABC6E4}.Release|x64.ActiveCfg = Release|x64
		{A78D4498-6833-4C9F-B66C-38D3DAABC6E4}.Release|x64.Build.0 = Release|x64
		{A78D4498-6833-4C9F-B66C-38D3DAABC6E4}.Release|x86.ActiveCfg = Release|Win32
		{A78D4498-6833-4C9F-B66C-38D3DAABC6E4}.Release|x86.Build.0 = Release|Win32
		{CA5FD2F8-9509-4B9B-941E-17EA55562AA5}.Debug|x64.ActiveCfg = Debug|x64
		{CA5FD2F8-9509-4B9B-941E-17EA55562AA5}.Debug|x64.Build.0 = Debug|x64
		{CA5FD2F8-9509-4B9B-941E-17EA55562AA5}.Debug|x86.ActiveCfg = Debug|Win32
		{CA5FD2F8-9509-4B9B-941E-17EA55562AA5}.Debug|x86.Build.0 = Debug|Win32
		{CA5FD2F8-9509-4B9B-941E-17EA55562AA5}.Release|x64.ActiveCfg = Release|x64
		{CA5FD2F8-9509-4B9B-941E-17EA55562AA5}.Release|x64.Build.0 = Release|x64
		{CA5FD2F8-9509-4B9B-941E-17EA55562AA5}.Release|x86.ActiveCfg = Release|Win32
		{CA5FD2F8-9509-4B9B-941E-17EA55562AA5}.Release|x86.Build.0 = Release|Win32
		{01C6F4C2-069A-4634-87EF-6EAAAD83453B}.Debug|x64.ActiveCfg = Debug|x64
		{01C6F4C2-069A-4634-87EF-6EAAAD83453B}.Debug|x64.Build.0 = Debug|x64
		{01C6F4C2-069A-4634-87EF-6EAAAD83453B}.Debug|x86.ActiveCfg = Debug|Win32
		{01C6F4C2-069A-4634-87EF-6EAAAD83453B}.Debug|x86.Build.0 = Debug|Win32
		{01C6F4C2-069A-4634-87EF-6EAAAD83453B}.Release|x64.ActiveCfg = Release|x64
		{01C6F4C2-069A-4634-87EF-6EAAAD83453B}.Release|x64.Build.0 = Release|x64
		{01C6F4C2-069A-4634-87EF-6EAAAD83453B}.Release|x86.ActiveCfg = Release|Win32
		{01C6F4C2-069A-4634-87EF-6EAAAD83453B}.Release|x86.Build.0 = Release|Win32
<<<<<<< HEAD
		{FD85F82C-3F55-4D1A-9D5E-3BF2943D31C0}.Debug|x64.ActiveCfg = Debug|x64
		{FD85F82C-3F55-4D1A-9D5E-3BF2943D31C0}.Debug|x64.Build.0 = Debug|x64
		{FD85F82C-3F55-4D1A-9D5E-3BF2943D31C0}.Debug|x86.ActiveCfg = Debug|Win32
		{FD85F82C-3F55-4D1A-9D5E-3BF2943D31C0}.Debug|x86.Build.0 = Debug|Win32
		{FD85F82C-3F55-4D1A-9D5E-3BF2943D31C0}.Release|x64.ActiveCfg = Release|x64
		{FD85F82C-3F55-4D1A-9D5E-3BF2943D31C0}.Release|x64.Build.0 = Release|x64
		{FD85F82C-3F55-4D1A-9D5E-3BF2943D31C0}.Release|x86.ActiveCfg = Release|Win32
		{FD85F82C-3F55-4D1A-9D5E-3BF2943D31C0}.Release|x86.Build.0 = Release|Win32
		{AABF38D4-7150-4749-AC0B-91370AAD5C72}.Debug|x64.ActiveCfg = Debug|x64
		{AABF38D4-7150-4749-AC0B-91370AAD5C72}.Debug|x64.Build.0 = Debug|x64
		{AABF38D4-7150-4749-AC0B-91370AAD5C72}.Debug|x86.ActiveCfg = Debug|Win32
		{AABF38D4-7150-4749-AC0B-91370AAD5C72}.Debug|x86.Build.0 = Debug|Win32
		{AABF38D4-7150-4749-AC0B-91370AAD5C72}.Release|x64.ActiveCfg = Release|x64
		{AABF38D4-7150-4749-AC0B-91370AAD5C72}.Release|x64.Build.0 = Release|x64
		{AABF38D4-7150-4749-AC0B-91370AAD5C72}.Release|x86.ActiveCfg = Release|Win32
		{AABF38D4-7150-4749-AC0B-91370AAD5C72}.Release|x86.Build.0 = Release|Win32
		{44937830-0CE8-415C-821A-EA5D9EB8B5BE}.Debug|x64.ActiveCfg = Debug|x64
		{44937830-0CE8-415C-821A-EA5D9EB8B5BE}.Debug|x64.Build.0 = Debug|x64
		{44937830-0CE8-415C-821A-EA5D9EB8B5BE}.Debug|x86.ActiveCfg = Debug|Win32
		{44937830-0CE8-415C-821A-EA5D9EB8B5BE}.Debug|x86.Build.0 = Debug|Win32
		{44937830-0CE8-415C-821A-EA5D9EB8B5BE}.Release|x64.ActiveCfg = Release|x64
		{44937830-0CE8-415C-821A-EA5D9EB8B5BE}.Release|x64.Build.0 = Release|x64
		{44937830-0CE8-415C-821A-EA5D9EB8B5BE}.Release|x86.ActiveCfg = Release|Win32
		{44937830-0CE8-415C-821A-EA5D9EB8B5BE}.Release|x86.Build.0 = Release|Win32
		{1B9CBD92-BE0F-48FB-B557-71C1C509932A}.Debug|x64.ActiveCfg = Debug|x64
		{1B9CBD92-BE0F-48FB-B557-71C1C509932A}.Debug|x64.Build.0 = Debug|x64
		{1B9CBD92-BE0F-48FB-B557-71C1C509932A}.Debug|x86.ActiveCfg = Debug|Win32
		{1B9CBD92-BE0F-48FB-B557-71C1C509932A}.Debug|x86.Build.0 = Debug|Win32
		{1B9CBD92-BE0F-48FB-B557-71C1C509932A}.Release|x64.ActiveCfg = Release|x64
		{1B9CBD92-BE0F-48FB-B557-71C1C509932A}.Release|x64.Build.0 = Release|x64
		{1B9CBD92-BE0F-48FB-B557-71C1C509932A}.Release|x86.ActiveCfg = Release|Win32
		{1B9CBD92-BE0F-48FB-B557-71C1C509932A}.Release|x86.Build.0 = Release|Win32
		{BA873B38-CE31-4A99-8B3A-0E7B43BF9B0F}.Debug|x64.ActiveCfg = Debug|x64
		{BA873B38-CE31-4A99-8B3A-0E7B43BF9B0F}.Debug|x64.Build.0 = Debug|x64
		{BA873B38-CE31-4A99-8B3A-0E7B43BF9B0F}.Debug|x86.ActiveCfg = Debug|Win32
		{BA873B38-CE31-4A99-8B3A-0E7B43BF9B0F}.Debug|x86.Build.0 = Debug|Win32
		{BA873B38-CE31-4A99-8B3A-0E7B43BF9B0F}.Release|x64.ActiveCfg = Release|x64
		{BA873B38-CE31-4A99-8B3A-0E7B43BF9B0F}.Release|x64.Build.0 = Release|x64
		{BA873B38-CE31-4A99-8B3A-0E7B43BF9B0F}.Release|x86.ActiveCfg = Release|Win32
		{BA873B38-CE31-4A99-8B3A-0E7B43BF9B0F}.Release|x86.Build.0 = Release|Win32
		{1841EC2A-FC08-4EA0-BB08-FEA18B2170C1}.Debug|x64.ActiveCfg = Debug|x64
		{1841EC2A-FC08-4EA0-BB08-FEA18B2170C1}.Debug|x64.Build.0 = Debug|x64
		{1841EC2A-FC08-4EA0-BB08-FEA18B2170C1}.Debug|x86.ActiveCfg = Debug|Win32
		{1841EC2A-FC08-4EA0-BB08-FEA18B2170C1}.Debug|x86.Build.0 = Debug|Win32
		{1841EC2A-FC08-4EA0-BB08-FEA18B2170C1}.Release|x64.ActiveCfg = Release|x64
		{1841EC2A-FC08-4EA0-BB08-FEA18B2170C1}.Release|x64.Build.0 = Release|x64
		{1841EC2A-FC08-4EA0-BB08-FEA18B2170C1}.Release|x86.ActiveCfg = Release|Win32
		{1841EC2A-FC08-4EA0-BB08-FEA18B2170C1}.Release|x86.Build.0 = Release|Win32
		{4D20BFB7-811D-4397-8C6F-50E4C4D42D24}.Debug|x64.ActiveCfg = Debug|x64
		{4D20BFB7-811D-4397-8C6F-50E4C4D42D24}.Debug|x64.Build.0 = Debug|x64
		{4D20BFB7-811D-4397-8C6F-50E4C4D42D24}.Debug|x86.ActiveCfg = Debug|Win32
		{4D20BFB7-811D-4397-8C6F-50E4C4D42D24}.Debug|x86.Build.0 = Debug|Win32
		{4D20BFB7-811D-4397-8C6F-50E4C4D42D24}.Release|x64.ActiveCfg = Release|x64
		{4D20BFB7-811D-4397-8C6F-50E4C4D42D24}.Release|x64.Build.0 = Release|x64
		{4D20BFB7-811D-4397-8C6F-50E4C4D42D24}.Release|x86.ActiveCfg = Release|Win32
		{4D20BFB7-811D-4397-8C6F-50E4C4D42D24}.Release|x86.Build.0 = Release|Win32
		{A5ACE47A-0149-4FE4-8F9E-31D93EDDFAFC}.Debug|x64.ActiveCfg = Debug|x64
		{A5ACE47A-0149-4FE4-8F9E-31D93EDDFAFC}.Debug|x64.Build.0 = Debug|x64
		{A5ACE47A-0149-4FE4-8F9E-31D93EDDFAFC}.Debug|x86.ActiveCfg = Debug|Win32
		{A5ACE47A-0149-4FE4-8F9E-31D93EDDFAFC}.Debug|x86.Build.0 = Debug|Win32
		{A5ACE47A-0149-4FE4-8F9E-31D93EDDFAFC}.Release|x64.ActiveCfg = Release|x64
		{A5ACE47A-0149-4FE4-8F9E-31D93EDDFAFC}.Release|x64.Build.0 = Release|x64
		{A5ACE47A-0149-4FE4-8F9E-31D93EDDFAFC}.Release|x86.ActiveCfg = Release|Win32
		{A5ACE47A-0149-4FE4-8F9E-31D93EDDFAFC}.Release|x86.Build.0 = Release|Win32
=======
		{5043E5B5-31F7-4674-8E91-987A72B1B678}.Debug|x64.ActiveCfg = Debug|x64
		{5043E5B5-31F7-4674-8E91-987A72B1B678}.Debug|x64.Build.0 = Debug|x64
		{5043E5B5-31F7-4674-8E91-987A72B1B678}.Debug|x86.ActiveCfg = Debug|Win32
		{5043E5B5-31F7-4674-8E91-987A72B1B678}.Debug|x86.Build.0 = Debug|Win32
		{5043E5B5-31F7-4674-8E91-987A72B1B678}.Release|x64.ActiveCfg = Release|x64
		{5043E5B5-31F7-4674-8E91-987A72B1B678}.Release|x64.Build.0 = Release|x64
		{5043E5B5-31F7-4674-8E91-987A72B1B678}.Release|x86.ActiveCfg = Release|Win32
		{5043E5B5-31F7-4674-8E91-987A72B1B678}.Release|x86.Build.0 = Release|Win32
		{ACD55F53-52F8-41B4-9DF3-90085202ACF8}.Debug|x64.ActiveCfg = Debug|x64
		{ACD55F53-52F8-41B4-9DF3-90085202ACF8}.Debug|x64.Build.0 = Debug|x64
		{ACD55F53-52F8-41B4-9DF3-90085202ACF8}.Debug|x86.ActiveCfg = Debug|Win32
		{ACD55F53-52F8-41B4-9DF3-90085202ACF8}.Debug|x86.Build.0 = Debug|Win32
		{ACD55F53-52F8-41B4-9DF3-90085202ACF8}.Release|x64.ActiveCfg = Release|x64
		{ACD55F53-52F8-41B4-9DF3-90085202ACF8}.Release|x64.Build.0 = Release|x64
		{ACD55F53-52F8-41B4-9DF3-90085202ACF8}.Release|x86.ActiveCfg = Release|Win32
		{ACD55F53-52F8-41B4-9DF3-90085202ACF8}.Release|x86.Build.0 = Release|Win32
>>>>>>> origin/input
	EndGlobalSection
	GlobalSection(SolutionProperties) = preSolution
		HideSolutionNode = FALSE
	EndGlobalSection
	GlobalSection(ExtensibilityGlobals) = postSolution
		SolutionGuid = {3EE77100-1810-49C8-94E1-E26CD4D82611}
	EndGlobalSection
EndGlobal
