
Microsoft Visual Studio Solution File, Format Version 12.00
# Visual Studio 15
VisualStudioVersion = 15.0.26730.16
MinimumVisualStudioVersion = 10.0.40219.1
Project("{8BC9CEB8-8B4A-11D0-8D11-00A0C91BC942}") = "Direct3D Win32 TK_pngDrawSample", "Direct3D Win32 Game1\Direct3D Win32 Game1.vcxproj", "{530227AA-FE09-43B1-AE88-457E6F38F841}"
EndProject
Project("{8BC9CEB8-8B4A-11D0-8D11-00A0C91BC942}") = "3DDrawTest", "3DDrawTest\3DDrawTest.vcxproj", "{562F2097-369C-4C37-9007-289254A1BC93}"
EndProject
Project("{8BC9CEB8-8B4A-11D0-8D11-00A0C91BC942}") = "3DDrawTest1", "3DDrawTest1\3DDrawTest1.vcxproj", "{1C93E7B5-6CB3-4B29-8344-F07892129C58}"
EndProject
Global
	GlobalSection(SolutionConfigurationPlatforms) = preSolution
		Debug|x64 = Debug|x64
		Debug|x86 = Debug|x86
		Release|x64 = Release|x64
		Release|x86 = Release|x86
	EndGlobalSection
	GlobalSection(ProjectConfigurationPlatforms) = postSolution
		{530227AA-FE09-43B1-AE88-457E6F38F841}.Debug|x64.ActiveCfg = Debug|x64
		{530227AA-FE09-43B1-AE88-457E6F38F841}.Debug|x64.Build.0 = Debug|x64
		{530227AA-FE09-43B1-AE88-457E6F38F841}.Debug|x86.ActiveCfg = Debug|Win32
		{530227AA-FE09-43B1-AE88-457E6F38F841}.Debug|x86.Build.0 = Debug|Win32
		{530227AA-FE09-43B1-AE88-457E6F38F841}.Release|x64.ActiveCfg = Release|x64
		{530227AA-FE09-43B1-AE88-457E6F38F841}.Release|x64.Build.0 = Release|x64
		{530227AA-FE09-43B1-AE88-457E6F38F841}.Release|x86.ActiveCfg = Release|Win32
		{530227AA-FE09-43B1-AE88-457E6F38F841}.Release|x86.Build.0 = Release|Win32
		{562F2097-369C-4C37-9007-289254A1BC93}.Debug|x64.ActiveCfg = Debug|x64
		{562F2097-369C-4C37-9007-289254A1BC93}.Debug|x64.Build.0 = Debug|x64
		{562F2097-369C-4C37-9007-289254A1BC93}.Debug|x86.ActiveCfg = Debug|Win32
		{562F2097-369C-4C37-9007-289254A1BC93}.Debug|x86.Build.0 = Debug|Win32
		{562F2097-369C-4C37-9007-289254A1BC93}.Release|x64.ActiveCfg = Release|x64
		{562F2097-369C-4C37-9007-289254A1BC93}.Release|x64.Build.0 = Release|x64
		{562F2097-369C-4C37-9007-289254A1BC93}.Release|x86.ActiveCfg = Release|Win32
		{562F2097-369C-4C37-9007-289254A1BC93}.Release|x86.Build.0 = Release|Win32
		{1C93E7B5-6CB3-4B29-8344-F07892129C58}.Debug|x64.ActiveCfg = Debug|x64
		{1C93E7B5-6CB3-4B29-8344-F07892129C58}.Debug|x64.Build.0 = Debug|x64
		{1C93E7B5-6CB3-4B29-8344-F07892129C58}.Debug|x86.ActiveCfg = Debug|Win32
		{1C93E7B5-6CB3-4B29-8344-F07892129C58}.Debug|x86.Build.0 = Debug|Win32
		{1C93E7B5-6CB3-4B29-8344-F07892129C58}.Release|x64.ActiveCfg = Release|x64
		{1C93E7B5-6CB3-4B29-8344-F07892129C58}.Release|x64.Build.0 = Release|x64
		{1C93E7B5-6CB3-4B29-8344-F07892129C58}.Release|x86.ActiveCfg = Release|Win32
		{1C93E7B5-6CB3-4B29-8344-F07892129C58}.Release|x86.Build.0 = Release|Win32
	EndGlobalSection
	GlobalSection(SolutionProperties) = preSolution
		HideSolutionNode = FALSE
	EndGlobalSection
	GlobalSection(ExtensibilityGlobals) = postSolution
		SolutionGuid = {3EE77100-1810-49C8-94E1-E26CD4D82611}
	EndGlobalSection
EndGlobal
